
Microsoft Visual Studio Solution File, Format Version 12.00
# Visual Studio Version 16
VisualStudioVersion = 16.0.30503.244
MinimumVisualStudioVersion = 10.0.40219.1
Project("{9A19103F-16F7-4668-BE54-9A1E7A4F7556}") = "Lab3ISRPO", "Lab3ISRPO.csproj", "{EBCA077D-09E7-454C-A041-72B35C70E513}"
EndProject
Global
	GlobalSection(SolutionConfigurationPlatforms) = preSolution
		Debug|Any CPU = Debug|Any CPU
		Release|Any CPU = Release|Any CPU
	EndGlobalSection
	GlobalSection(ProjectConfigurationPlatforms) = postSolution
		{EBCA077D-09E7-454C-A041-72B35C70E513}.Debug|Any CPU.ActiveCfg = Debug|Any CPU
		{EBCA077D-09E7-454C-A041-72B35C70E513}.Debug|Any CPU.Build.0 = Debug|Any CPU
		{EBCA077D-09E7-454C-A041-72B35C70E513}.Release|Any CPU.ActiveCfg = Release|Any CPU
		{EBCA077D-09E7-454C-A041-72B35C70E513}.Release|Any CPU.Build.0 = Release|Any CPU
	EndGlobalSection
	GlobalSection(SolutionProperties) = preSolution
		HideSolutionNode = FALSE
	EndGlobalSection
	GlobalSection(ExtensibilityGlobals) = postSolution
		SolutionGuid = {F8B56EAE-54CD-4AD5-AF57-C0921890AA96}
	EndGlobalSection
EndGlobal
